
Microsoft Visual Studio Solution File, Format Version 12.00
# Visual Studio Version 17
VisualStudioVersion = 17.14.36401.2
MinimumVisualStudioVersion = 10.0.40219.1
Project("{FAE04EC0-301F-11D3-BF4B-00C04F79EFBC}") = "TermoLib", "TermoLib\TermoLib.csproj", "{D0312AE0-A507-4279-AC4C-BB7BA7F4154D}"
EndProject
Project("{FAE04EC0-301F-11D3-BF4B-00C04F79EFBC}") = "TermoTest", "TermoTest\TermoTest.csproj", "{01F80E71-BDC1-49AF-8AA3-816B5477D7DD}"
EndProject
Project("{FAE04EC0-301F-11D3-BF4B-00C04F79EFBC}") = "TermoApp", "TermoApp\TermoApp.csproj", "{0AAB7535-09E0-40A7-8E16-BA63E052CEE2}"
EndProject
Global
	GlobalSection(SolutionConfigurationPlatforms) = preSolution
		Debug|Any CPU = Debug|Any CPU
		Release|Any CPU = Release|Any CPU
	EndGlobalSection
	GlobalSection(ProjectConfigurationPlatforms) = postSolution
		{D0312AE0-A507-4279-AC4C-BB7BA7F4154D}.Debug|Any CPU.ActiveCfg = Debug|Any CPU
		{D0312AE0-A507-4279-AC4C-BB7BA7F4154D}.Debug|Any CPU.Build.0 = Debug|Any CPU
		{D0312AE0-A507-4279-AC4C-BB7BA7F4154D}.Release|Any CPU.ActiveCfg = Release|Any CPU
		{D0312AE0-A507-4279-AC4C-BB7BA7F4154D}.Release|Any CPU.Build.0 = Release|Any CPU
		{01F80E71-BDC1-49AF-8AA3-816B5477D7DD}.Debug|Any CPU.ActiveCfg = Debug|Any CPU
		{01F80E71-BDC1-49AF-8AA3-816B5477D7DD}.Debug|Any CPU.Build.0 = Debug|Any CPU
		{01F80E71-BDC1-49AF-8AA3-816B5477D7DD}.Release|Any CPU.ActiveCfg = Release|Any CPU
		{01F80E71-BDC1-49AF-8AA3-816B5477D7DD}.Release|Any CPU.Build.0 = Release|Any CPU
		{0AAB7535-09E0-40A7-8E16-BA63E052CEE2}.Debug|Any CPU.ActiveCfg = Debug|Any CPU
		{0AAB7535-09E0-40A7-8E16-BA63E052CEE2}.Debug|Any CPU.Build.0 = Debug|Any CPU
		{0AAB7535-09E0-40A7-8E16-BA63E052CEE2}.Release|Any CPU.ActiveCfg = Release|Any CPU
		{0AAB7535-09E0-40A7-8E16-BA63E052CEE2}.Release|Any CPU.Build.0 = Release|Any CPU
	EndGlobalSection
	GlobalSection(SolutionProperties) = preSolution
		HideSolutionNode = FALSE
	EndGlobalSection
	GlobalSection(ExtensibilityGlobals) = postSolution
		SolutionGuid = {32172513-DC69-4B56-9403-23FBB6A37548}
	EndGlobalSection
EndGlobal
